
Microsoft Visual Studio Solution File, Format Version 12.00
# Visual Studio 14
VisualStudioVersion = 14.0.23107.0
MinimumVisualStudioVersion = 10.0.40219.1
Project("{FAE04EC0-301F-11D3-BF4B-00C04F79EFBC}") = "LogParser", "LogParser\LogParser.csproj", "{0980F984-254B-47D9-AE69-41600BD01C1B}"
EndProject
Project("{FAE04EC0-301F-11D3-BF4B-00C04F79EFBC}") = "LogParserTests", "LogParserTests\LogParserTests.csproj", "{5B5D561B-87F2-4CCF-B75F-87EFAE6B380B}"
EndProject
Project("{00D1A9C2-B5F0-4AF3-8072-F6C62B433612}") = "EDData", "EDData\EDData.sqlproj", "{C08595F8-F374-4221-AABA-03AE43B494C5}"
EndProject
Project("{FAE04EC0-301F-11D3-BF4B-00C04F79EFBC}") = "Notifier", "Notifier\Notifier.csproj", "{D3E1C8F1-F011-4560-8632-F367F3F3F83D}"
EndProject
Global
	GlobalSection(SolutionConfigurationPlatforms) = preSolution
		Debug|Any CPU = Debug|Any CPU
		Release|Any CPU = Release|Any CPU
	EndGlobalSection
	GlobalSection(ProjectConfigurationPlatforms) = postSolution
		{0980F984-254B-47D9-AE69-41600BD01C1B}.Debug|Any CPU.ActiveCfg = Debug|Any CPU
		{0980F984-254B-47D9-AE69-41600BD01C1B}.Debug|Any CPU.Build.0 = Debug|Any CPU
		{0980F984-254B-47D9-AE69-41600BD01C1B}.Release|Any CPU.ActiveCfg = Release|Any CPU
		{0980F984-254B-47D9-AE69-41600BD01C1B}.Release|Any CPU.Build.0 = Release|Any CPU
		{5B5D561B-87F2-4CCF-B75F-87EFAE6B380B}.Debug|Any CPU.ActiveCfg = Debug|Any CPU
		{5B5D561B-87F2-4CCF-B75F-87EFAE6B380B}.Debug|Any CPU.Build.0 = Debug|Any CPU
		{5B5D561B-87F2-4CCF-B75F-87EFAE6B380B}.Release|Any CPU.ActiveCfg = Release|Any CPU
		{5B5D561B-87F2-4CCF-B75F-87EFAE6B380B}.Release|Any CPU.Build.0 = Release|Any CPU
		{C08595F8-F374-4221-AABA-03AE43B494C5}.Debug|Any CPU.ActiveCfg = Debug|Any CPU
		{C08595F8-F374-4221-AABA-03AE43B494C5}.Debug|Any CPU.Build.0 = Debug|Any CPU
		{C08595F8-F374-4221-AABA-03AE43B494C5}.Debug|Any CPU.Deploy.0 = Debug|Any CPU
		{C08595F8-F374-4221-AABA-03AE43B494C5}.Release|Any CPU.ActiveCfg = Release|Any CPU
		{C08595F8-F374-4221-AABA-03AE43B494C5}.Release|Any CPU.Build.0 = Release|Any CPU
		{C08595F8-F374-4221-AABA-03AE43B494C5}.Release|Any CPU.Deploy.0 = Release|Any CPU
		{D3E1C8F1-F011-4560-8632-F367F3F3F83D}.Debug|Any CPU.ActiveCfg = Debug|Any CPU
		{D3E1C8F1-F011-4560-8632-F367F3F3F83D}.Debug|Any CPU.Build.0 = Debug|Any CPU
		{D3E1C8F1-F011-4560-8632-F367F3F3F83D}.Release|Any CPU.ActiveCfg = Release|Any CPU
		{D3E1C8F1-F011-4560-8632-F367F3F3F83D}.Release|Any CPU.Build.0 = Release|Any CPU
	EndGlobalSection
	GlobalSection(SolutionProperties) = preSolution
		HideSolutionNode = FALSE
	EndGlobalSection
EndGlobal
